
Microsoft Visual Studio Solution File, Format Version 12.00
# Visual Studio Version 17
VisualStudioVersion = 17.9.34616.47
MinimumVisualStudioVersion = 10.0.40219.1
Project("{FAE04EC0-301F-11D3-BF4B-00C04F79EFBC}") = "GameStatsService.Presentation", "GameStatsService.Presentation\GameStatsService.Presentation.csproj", "{D928CA2F-1C84-4359-9FF4-6F974B029EF1}"
EndProject
Project("{9A19103F-16F7-4668-BE54-9A1E7A4F7556}") = "Shared", "..\Shared\Shared.csproj", "{DF4BB742-9996-46A1-9DE1-4765FD197D64}"
EndProject
Global
	GlobalSection(SolutionConfigurationPlatforms) = preSolution
		Debug|Any CPU = Debug|Any CPU
		Release|Any CPU = Release|Any CPU
	EndGlobalSection
	GlobalSection(ProjectConfigurationPlatforms) = postSolution
		{D928CA2F-1C84-4359-9FF4-6F974B029EF1}.Debug|Any CPU.ActiveCfg = Debug|Any CPU
		{D928CA2F-1C84-4359-9FF4-6F974B029EF1}.Debug|Any CPU.Build.0 = Debug|Any CPU
		{D928CA2F-1C84-4359-9FF4-6F974B029EF1}.Release|Any CPU.ActiveCfg = Release|Any CPU
		{D928CA2F-1C84-4359-9FF4-6F974B029EF1}.Release|Any CPU.Build.0 = Release|Any CPU
		{DF4BB742-9996-46A1-9DE1-4765FD197D64}.Debug|Any CPU.ActiveCfg = Debug|Any CPU
		{DF4BB742-9996-46A1-9DE1-4765FD197D64}.Debug|Any CPU.Build.0 = Debug|Any CPU
		{DF4BB742-9996-46A1-9DE1-4765FD197D64}.Release|Any CPU.ActiveCfg = Release|Any CPU
		{DF4BB742-9996-46A1-9DE1-4765FD197D64}.Release|Any CPU.Build.0 = Release|Any CPU
	EndGlobalSection
	GlobalSection(SolutionProperties) = preSolution
		HideSolutionNode = FALSE
	EndGlobalSection
	GlobalSection(ExtensibilityGlobals) = postSolution
		SolutionGuid = {97166B4F-1249-45C7-AA67-C0FD8B38B2E6}
	EndGlobalSection
EndGlobal
